
Microsoft Visual Studio Solution File, Format Version 12.00
# Visual Studio Version 16
VisualStudioVersion = 16.0.31829.152
MinimumVisualStudioVersion = 10.0.40219.1
Project("{FAE04EC0-301F-11D3-BF4B-00C04F79EFBC}") = "Management__Leave", "Management__Leave\Management__Leave.csproj", "{EEC91477-9AE4-4611-BFAD-B8511BB52685}"
EndProject
Global
	GlobalSection(SolutionConfigurationPlatforms) = preSolution
		Debug|Any CPU = Debug|Any CPU
		Release|Any CPU = Release|Any CPU
	EndGlobalSection
	GlobalSection(ProjectConfigurationPlatforms) = postSolution
		{EEC91477-9AE4-4611-BFAD-B8511BB52685}.Debug|Any CPU.ActiveCfg = Debug|Any CPU
		{EEC91477-9AE4-4611-BFAD-B8511BB52685}.Debug|Any CPU.Build.0 = Debug|Any CPU
		{EEC91477-9AE4-4611-BFAD-B8511BB52685}.Release|Any CPU.ActiveCfg = Release|Any CPU
		{EEC91477-9AE4-4611-BFAD-B8511BB52685}.Release|Any CPU.Build.0 = Release|Any CPU
	EndGlobalSection
	GlobalSection(SolutionProperties) = preSolution
		HideSolutionNode = FALSE
	EndGlobalSection
	GlobalSection(ExtensibilityGlobals) = postSolution
		SolutionGuid = {69884B8E-2FD6-4902-8B50-67781ED62110}
	EndGlobalSection
EndGlobal
